
Microsoft Visual Studio Solution File, Format Version 12.00
# Visual Studio Version 17
VisualStudioVersion = 17.1.32228.430
MinimumVisualStudioVersion = 10.0.40219.1
Project("{FAE04EC0-301F-11D3-BF4B-00C04F79EFBC}") = "mmelichar_Topic6_Milestone3", "mmelichar_Topic6_Milestone3\mmelichar_Topic6_Milestone3.csproj", "{6089154B-0049-4FDF-AD63-E44EA81A0D5D}"
EndProject
Global
	GlobalSection(SolutionConfigurationPlatforms) = preSolution
		Debug|Any CPU = Debug|Any CPU
		Release|Any CPU = Release|Any CPU
	EndGlobalSection
	GlobalSection(ProjectConfigurationPlatforms) = postSolution
		{6089154B-0049-4FDF-AD63-E44EA81A0D5D}.Debug|Any CPU.ActiveCfg = Debug|Any CPU
		{6089154B-0049-4FDF-AD63-E44EA81A0D5D}.Debug|Any CPU.Build.0 = Debug|Any CPU
		{6089154B-0049-4FDF-AD63-E44EA81A0D5D}.Release|Any CPU.ActiveCfg = Release|Any CPU
		{6089154B-0049-4FDF-AD63-E44EA81A0D5D}.Release|Any CPU.Build.0 = Release|Any CPU
	EndGlobalSection
	GlobalSection(SolutionProperties) = preSolution
		HideSolutionNode = FALSE
	EndGlobalSection
	GlobalSection(ExtensibilityGlobals) = postSolution
		SolutionGuid = {F38693C3-1CE0-465E-8D39-3B60C6868844}
	EndGlobalSection
EndGlobal
